
Microsoft Visual Studio Solution File, Format Version 12.00
# Visual Studio 2012
Project("{FAE04EC0-301F-11D3-BF4B-00C04F79EFBC}") = "ManagementServer", "ManagementServer\ManagementServer.csproj", "{08E50236-2853-402F-9F3F-85598704CD61}"
EndProject
Project("{FAE04EC0-301F-11D3-BF4B-00C04F79EFBC}") = "DummyScheduler", "DummyScheduler\DummyScheduler.csproj", "{0AFA6F86-5168-4FD7-A086-B3001026C8C2}"
EndProject
Global
	GlobalSection(SolutionConfigurationPlatforms) = preSolution
		Debug|Any CPU = Debug|Any CPU
		Release|Any CPU = Release|Any CPU
	EndGlobalSection
	GlobalSection(ProjectConfigurationPlatforms) = postSolution
		{08E50236-2853-402F-9F3F-85598704CD61}.Debug|Any CPU.ActiveCfg = Debug|Any CPU
		{08E50236-2853-402F-9F3F-85598704CD61}.Debug|Any CPU.Build.0 = Debug|Any CPU
		{08E50236-2853-402F-9F3F-85598704CD61}.Release|Any CPU.ActiveCfg = Release|Any CPU
		{08E50236-2853-402F-9F3F-85598704CD61}.Release|Any CPU.Build.0 = Release|Any CPU
		{0AFA6F86-5168-4FD7-A086-B3001026C8C2}.Debug|Any CPU.ActiveCfg = Debug|Any CPU
		{0AFA6F86-5168-4FD7-A086-B3001026C8C2}.Debug|Any CPU.Build.0 = Debug|Any CPU
		{0AFA6F86-5168-4FD7-A086-B3001026C8C2}.Release|Any CPU.ActiveCfg = Release|Any CPU
		{0AFA6F86-5168-4FD7-A086-B3001026C8C2}.Release|Any CPU.Build.0 = Release|Any CPU
	EndGlobalSection
	GlobalSection(SolutionProperties) = preSolution
		HideSolutionNode = FALSE
	EndGlobalSection
EndGlobal
